
Microsoft Visual Studio Solution File, Format Version 12.00
# Visual Studio Version 16
VisualStudioVersion = 16.0.31019.35
MinimumVisualStudioVersion = 10.0.40219.1
Project("{FAE04EC0-301F-11D3-BF4B-00C04F79EFBC}") = "WinAPI_Process_Lab", "WinAPI_Process_Lab\WinAPI_Process_Lab.csproj", "{9BBCF94B-784A-4671-9A21-D4046087831A}"
EndProject
Global
	GlobalSection(SolutionConfigurationPlatforms) = preSolution
		Debug|Any CPU = Debug|Any CPU
		Release|Any CPU = Release|Any CPU
	EndGlobalSection
	GlobalSection(ProjectConfigurationPlatforms) = postSolution
		{9BBCF94B-784A-4671-9A21-D4046087831A}.Debug|Any CPU.ActiveCfg = Debug|Any CPU
		{9BBCF94B-784A-4671-9A21-D4046087831A}.Debug|Any CPU.Build.0 = Debug|Any CPU
		{9BBCF94B-784A-4671-9A21-D4046087831A}.Release|Any CPU.ActiveCfg = Release|Any CPU
		{9BBCF94B-784A-4671-9A21-D4046087831A}.Release|Any CPU.Build.0 = Release|Any CPU
	EndGlobalSection
	GlobalSection(SolutionProperties) = preSolution
		HideSolutionNode = FALSE
	EndGlobalSection
	GlobalSection(ExtensibilityGlobals) = postSolution
		SolutionGuid = {47A212A8-AF23-468A-A130-74AE4D1E779E}
	EndGlobalSection
EndGlobal
